// !$*UTF8*$!
{
	archiveVersion = 1;
	classes = {
	};
	objectVersion = 50;
	objects = {

/* Begin PBXBuildFile section */
		A990568F21566C1900CED4EB /* AppDelegate.swift in Sources */ = {isa = PBXBuildFile; fileRef = A990568E21566C1900CED4EB /* AppDelegate.swift */; };
		A990569121566C1900CED4EB /* ViewController.swift in Sources */ = {isa = PBXBuildFile; fileRef = A990569021566C1900CED4EB /* ViewController.swift */; };
		A990569421566C1900CED4EB /* Main.storyboard in Resources */ = {isa = PBXBuildFile; fileRef = A990569221566C1900CED4EB /* Main.storyboard */; };
		A990569921566C1B00CED4EB /* LaunchScreen.storyboard in Resources */ = {isa = PBXBuildFile; fileRef = A990569721566C1B00CED4EB /* LaunchScreen.storyboard */; };
		A99056A22157A63900CED4EB /* Assets.xcassets in Resources */ = {isa = PBXBuildFile; fileRef = A99056A12157A63900CED4EB /* Assets.xcassets */; };
		A99056A42157BFC200CED4EB /* ShortcutEnum.swift in Sources */ = {isa = PBXBuildFile; fileRef = A99056A32157BFC200CED4EB /* ShortcutEnum.swift */; };
		A99056AC2157E08500CED4EB /* NotificationCenter.framework in Frameworks */ = {isa = PBXBuildFile; fileRef = A99056AB2157E08500CED4EB /* NotificationCenter.framework */; };
		A99056AF2157E08500CED4EB /* TodayViewController.swift in Sources */ = {isa = PBXBuildFile; fileRef = A99056AE2157E08500CED4EB /* TodayViewController.swift */; };
		A99056B22157E08500CED4EB /* MainInterface.storyboard in Resources */ = {isa = PBXBuildFile; fileRef = A99056B02157E08500CED4EB /* MainInterface.storyboard */; };
		A99056B62157E08500CED4EB /* widget.appex in Embed App Extensions */ = {isa = PBXBuildFile; fileRef = A99056A92157E08500CED4EB /* widget.appex */; settings = {ATTRIBUTES = (RemoveHeadersOnCopy, ); }; };
		A99056BC2158D28000CED4EB /* Assets.xcassets in Resources */ = {isa = PBXBuildFile; fileRef = A99056A12157A63900CED4EB /* Assets.xcassets */; };
		A99056BE215AB18200CED4EB /* ButtonUtil.swift in Sources */ = {isa = PBXBuildFile; fileRef = A99056BD215AB18200CED4EB /* ButtonUtil.swift */; };
		A99056BF215AB18300CED4EB /* ButtonUtil.swift in Sources */ = {isa = PBXBuildFile; fileRef = A99056BD215AB18200CED4EB /* ButtonUtil.swift */; };
		A99C4BFF215AD668003D8907 /* Settings.bundle in Resources */ = {isa = PBXBuildFile; fileRef = A99C4BFE215AD668003D8907 /* Settings.bundle */; };
		A9AF0C8821611B8A003713FC /* SlackViewController.swift in Sources */ = {isa = PBXBuildFile; fileRef = A9AF0C8721611B8A003713FC /* SlackViewController.swift */; };
		A9AF0C8A216176D6003713FC /* Slack.swift in Sources */ = {isa = PBXBuildFile; fileRef = A9AF0C89216176D6003713FC /* Slack.swift */; };
		A9AF0C8C216181DF003713FC /* SlackUtil.swift in Sources */ = {isa = PBXBuildFile; fileRef = A9AF0C8B216181DF003713FC /* SlackUtil.swift */; };
/* End PBXBuildFile section */

/* Begin PBXContainerItemProxy section */
		A99056B42157E08500CED4EB /* PBXContainerItemProxy */ = {
			isa = PBXContainerItemProxy;
			containerPortal = A990568321566C1900CED4EB /* Project object */;
			proxyType = 1;
			remoteGlobalIDString = A99056A82157E08500CED4EB;
			remoteInfo = widget;
		};
/* End PBXContainerItemProxy section */

/* Begin PBXCopyFilesBuildPhase section */
		A99056BA2157E08500CED4EB /* Embed App Extensions */ = {
			isa = PBXCopyFilesBuildPhase;
			buildActionMask = 2147483647;
			dstPath = "";
			dstSubfolderSpec = 13;
			files = (
				A99056B62157E08500CED4EB /* widget.appex in Embed App Extensions */,
			);
			name = "Embed App Extensions";
			runOnlyForDeploymentPostprocessing = 0;
		};
/* End PBXCopyFilesBuildPhase section */

/* Begin PBXFileReference section */
		A990568B21566C1900CED4EB /* Founders D&G.app */ = {isa = PBXFileReference; explicitFileType = wrapper.application; includeInIndex = 0; path = "Founders D&G.app"; sourceTree = BUILT_PRODUCTS_DIR; };
		A990568E21566C1900CED4EB /* AppDelegate.swift */ = {isa = PBXFileReference; lastKnownFileType = sourcecode.swift; path = AppDelegate.swift; sourceTree = "<group>"; };
		A990569021566C1900CED4EB /* ViewController.swift */ = {isa = PBXFileReference; lastKnownFileType = sourcecode.swift; path = ViewController.swift; sourceTree = "<group>"; };
		A990569321566C1900CED4EB /* Base */ = {isa = PBXFileReference; lastKnownFileType = file.storyboard; name = Base; path = Base.lproj/Main.storyboard; sourceTree = "<group>"; };
		A990569821566C1B00CED4EB /* Base */ = {isa = PBXFileReference; lastKnownFileType = file.storyboard; name = Base; path = Base.lproj/LaunchScreen.storyboard; sourceTree = "<group>"; };
		A990569A21566C1B00CED4EB /* Info.plist */ = {isa = PBXFileReference; lastKnownFileType = text.plist.xml; path = Info.plist; sourceTree = "<group>"; };
		A99056A02156DCF100CED4EB /* Founders D&G.entitlements */ = {isa = PBXFileReference; lastKnownFileType = text.plist.entitlements; path = "Founders D&G.entitlements"; sourceTree = "<group>"; };
		A99056A12157A63900CED4EB /* Assets.xcassets */ = {isa = PBXFileReference; lastKnownFileType = folder.assetcatalog; path = Assets.xcassets; sourceTree = "<group>"; };
		A99056A32157BFC200CED4EB /* ShortcutEnum.swift */ = {isa = PBXFileReference; lastKnownFileType = sourcecode.swift; path = ShortcutEnum.swift; sourceTree = "<group>"; };
		A99056A92157E08500CED4EB /* widget.appex */ = {isa = PBXFileReference; explicitFileType = "wrapper.app-extension"; includeInIndex = 0; path = widget.appex; sourceTree = BUILT_PRODUCTS_DIR; };
		A99056AB2157E08500CED4EB /* NotificationCenter.framework */ = {isa = PBXFileReference; lastKnownFileType = wrapper.framework; name = NotificationCenter.framework; path = System/Library/Frameworks/NotificationCenter.framework; sourceTree = SDKROOT; };
		A99056AE2157E08500CED4EB /* TodayViewController.swift */ = {isa = PBXFileReference; lastKnownFileType = sourcecode.swift; path = TodayViewController.swift; sourceTree = "<group>"; };
		A99056B12157E08500CED4EB /* Base */ = {isa = PBXFileReference; lastKnownFileType = file.storyboard; name = Base; path = Base.lproj/MainInterface.storyboard; sourceTree = "<group>"; };
		A99056B32157E08500CED4EB /* Info.plist */ = {isa = PBXFileReference; lastKnownFileType = text.plist.xml; path = Info.plist; sourceTree = "<group>"; };
		A99056BB2158CFD900CED4EB /* widget.entitlements */ = {isa = PBXFileReference; lastKnownFileType = text.plist.entitlements; path = widget.entitlements; sourceTree = "<group>"; };
		A99056BD215AB18200CED4EB /* ButtonUtil.swift */ = {isa = PBXFileReference; lastKnownFileType = sourcecode.swift; path = ButtonUtil.swift; sourceTree = "<group>"; };
		A99C4BFE215AD668003D8907 /* Settings.bundle */ = {isa = PBXFileReference; lastKnownFileType = "wrapper.plug-in"; path = Settings.bundle; sourceTree = "<group>"; };
		A9AF0C8721611B8A003713FC /* SlackViewController.swift */ = {isa = PBXFileReference; lastKnownFileType = sourcecode.swift; path = SlackViewController.swift; sourceTree = "<group>"; };
		A9AF0C89216176D6003713FC /* Slack.swift */ = {isa = PBXFileReference; lastKnownFileType = sourcecode.swift; path = Slack.swift; sourceTree = "<group>"; };
		A9AF0C8B216181DF003713FC /* SlackUtil.swift */ = {isa = PBXFileReference; lastKnownFileType = sourcecode.swift; path = SlackUtil.swift; sourceTree = "<group>"; };
/* End PBXFileReference section */

/* Begin PBXFrameworksBuildPhase section */
		A990568821566C1900CED4EB /* Frameworks */ = {
			isa = PBXFrameworksBuildPhase;
			buildActionMask = 2147483647;
			files = (
			);
			runOnlyForDeploymentPostprocessing = 0;
		};
		A99056A62157E08500CED4EB /* Frameworks */ = {
			isa = PBXFrameworksBuildPhase;
			buildActionMask = 2147483647;
			files = (
				A99056AC2157E08500CED4EB /* NotificationCenter.framework in Frameworks */,
			);
			runOnlyForDeploymentPostprocessing = 0;
		};
/* End PBXFrameworksBuildPhase section */

/* Begin PBXGroup section */
		A990568221566C1900CED4EB = {
			isa = PBXGroup;
			children = (
				A990568D21566C1900CED4EB /* Founders D&G */,
				A99056AD2157E08500CED4EB /* widget */,
				A99056AA2157E08500CED4EB /* Frameworks */,
				A990568C21566C1900CED4EB /* Products */,
			);
			sourceTree = "<group>";
		};
		A990568C21566C1900CED4EB /* Products */ = {
			isa = PBXGroup;
			children = (
				A990568B21566C1900CED4EB /* Founders D&G.app */,
				A99056A92157E08500CED4EB /* widget.appex */,
			);
			name = Products;
			sourceTree = "<group>";
		};
		A990568D21566C1900CED4EB /* Founders D&G */ = {
			isa = PBXGroup;
			children = (
				A99056A02156DCF100CED4EB /* Founders D&G.entitlements */,
				A990568E21566C1900CED4EB /* AppDelegate.swift */,
				A990569021566C1900CED4EB /* ViewController.swift */,
				A990569221566C1900CED4EB /* Main.storyboard */,
				A99056A12157A63900CED4EB /* Assets.xcassets */,
				A990569721566C1B00CED4EB /* LaunchScreen.storyboard */,
				A990569A21566C1B00CED4EB /* Info.plist */,
				A99056A32157BFC200CED4EB /* ShortcutEnum.swift */,
				A99056BD215AB18200CED4EB /* ButtonUtil.swift */,
				A99C4BFE215AD668003D8907 /* Settings.bundle */,
				A9AF0C8721611B8A003713FC /* SlackViewController.swift */,
				A9AF0C89216176D6003713FC /* Slack.swift */,
				A9AF0C8B216181DF003713FC /* SlackUtil.swift */,
			);
			path = "Founders D&G";
			sourceTree = "<group>";
		};
		A99056AA2157E08500CED4EB /* Frameworks */ = {
			isa = PBXGroup;
			children = (
				A99056AB2157E08500CED4EB /* NotificationCenter.framework */,
			);
			name = Frameworks;
			sourceTree = "<group>";
		};
		A99056AD2157E08500CED4EB /* widget */ = {
			isa = PBXGroup;
			children = (
				A99056BB2158CFD900CED4EB /* widget.entitlements */,
				A99056AE2157E08500CED4EB /* TodayViewController.swift */,
				A99056B02157E08500CED4EB /* MainInterface.storyboard */,
				A99056B32157E08500CED4EB /* Info.plist */,
			);
			path = widget;
			sourceTree = "<group>";
		};
/* End PBXGroup section */

/* Begin PBXNativeTarget section */
		A990568A21566C1900CED4EB /* Founders D&G */ = {
			isa = PBXNativeTarget;
			buildConfigurationList = A990569D21566C1B00CED4EB /* Build configuration list for PBXNativeTarget "Founders D&G" */;
			buildPhases = (
				A990568721566C1900CED4EB /* Sources */,
				A990568821566C1900CED4EB /* Frameworks */,
				A990568921566C1900CED4EB /* Resources */,
				A99056BA2157E08500CED4EB /* Embed App Extensions */,
			);
			buildRules = (
			);
			dependencies = (
				A99056B52157E08500CED4EB /* PBXTargetDependency */,
			);
			name = "Founders D&G";
			productName = "Founders D&G";
			productReference = A990568B21566C1900CED4EB /* Founders D&G.app */;
			productType = "com.apple.product-type.application";
		};
		A99056A82157E08500CED4EB /* widget */ = {
			isa = PBXNativeTarget;
			buildConfigurationList = A99056B72157E08500CED4EB /* Build configuration list for PBXNativeTarget "widget" */;
			buildPhases = (
				A99056A52157E08500CED4EB /* Sources */,
				A99056A62157E08500CED4EB /* Frameworks */,
				A99056A72157E08500CED4EB /* Resources */,
			);
			buildRules = (
			);
			dependencies = (
			);
			name = widget;
			productName = widget;
			productReference = A99056A92157E08500CED4EB /* widget.appex */;
			productType = "com.apple.product-type.app-extension";
		};
/* End PBXNativeTarget section */

/* Begin PBXProject section */
		A990568321566C1900CED4EB /* Project object */ = {
			isa = PBXProject;
			attributes = {
				LastSwiftUpdateCheck = 1000;
				LastUpgradeCheck = 1000;
				ORGANIZATIONNAME = "António Ramadas";
				TargetAttributes = {
					A990568A21566C1900CED4EB = {
						CreatedOnToolsVersion = 10.0;
						SystemCapabilities = {
							com.apple.ApplicationGroups.iOS = {
								enabled = 1;
							};
						};
					};
					A99056A82157E08500CED4EB = {
						CreatedOnToolsVersion = 10.0;
						SystemCapabilities = {
							com.apple.ApplicationGroups.iOS = {
								enabled = 1;
							};
						};
					};
				};
			};
			buildConfigurationList = A990568621566C1900CED4EB /* Build configuration list for PBXProject "Founders D&G" */;
			compatibilityVersion = "Xcode 9.3";
			developmentRegion = en;
			hasScannedForEncodings = 0;
			knownRegions = (
				en,
				Base,
				"pt-PT",
			);
			mainGroup = A990568221566C1900CED4EB;
			productRefGroup = A990568C21566C1900CED4EB /* Products */;
			projectDirPath = "";
			projectRoot = "";
			targets = (
				A990568A21566C1900CED4EB /* Founders D&G */,
				A99056A82157E08500CED4EB /* widget */,
			);
		};
/* End PBXProject section */

/* Begin PBXResourcesBuildPhase section */
		A990568921566C1900CED4EB /* Resources */ = {
			isa = PBXResourcesBuildPhase;
			buildActionMask = 2147483647;
			files = (
				A99C4BFF215AD668003D8907 /* Settings.bundle in Resources */,
				A990569921566C1B00CED4EB /* LaunchScreen.storyboard in Resources */,
				A99056A22157A63900CED4EB /* Assets.xcassets in Resources */,
				A990569421566C1900CED4EB /* Main.storyboard in Resources */,
			);
			runOnlyForDeploymentPostprocessing = 0;
		};
		A99056A72157E08500CED4EB /* Resources */ = {
			isa = PBXResourcesBuildPhase;
			buildActionMask = 2147483647;
			files = (
				A99056BC2158D28000CED4EB /* Assets.xcassets in Resources */,
				A99056B22157E08500CED4EB /* MainInterface.storyboard in Resources */,
			);
			runOnlyForDeploymentPostprocessing = 0;
		};
/* End PBXResourcesBuildPhase section */

/* Begin PBXSourcesBuildPhase section */
		A990568721566C1900CED4EB /* Sources */ = {
			isa = PBXSourcesBuildPhase;
			buildActionMask = 2147483647;
			files = (
				A990569121566C1900CED4EB /* ViewController.swift in Sources */,
				A9AF0C8C216181DF003713FC /* SlackUtil.swift in Sources */,
				A9AF0C8821611B8A003713FC /* SlackViewController.swift in Sources */,
				A99056BE215AB18200CED4EB /* ButtonUtil.swift in Sources */,
				A99056A42157BFC200CED4EB /* ShortcutEnum.swift in Sources */,
				A9AF0C8A216176D6003713FC /* Slack.swift in Sources */,
				A990568F21566C1900CED4EB /* AppDelegate.swift in Sources */,
			);
			runOnlyForDeploymentPostprocessing = 0;
		};
		A99056A52157E08500CED4EB /* Sources */ = {
			isa = PBXSourcesBuildPhase;
			buildActionMask = 2147483647;
			files = (
				A99056AF2157E08500CED4EB /* TodayViewController.swift in Sources */,
				A99056BF215AB18300CED4EB /* ButtonUtil.swift in Sources */,
			);
			runOnlyForDeploymentPostprocessing = 0;
		};
/* End PBXSourcesBuildPhase section */

/* Begin PBXTargetDependency section */
		A99056B52157E08500CED4EB /* PBXTargetDependency */ = {
			isa = PBXTargetDependency;
			target = A99056A82157E08500CED4EB /* widget */;
			targetProxy = A99056B42157E08500CED4EB /* PBXContainerItemProxy */;
		};
/* End PBXTargetDependency section */

/* Begin PBXVariantGroup section */
		A990569221566C1900CED4EB /* Main.storyboard */ = {
			isa = PBXVariantGroup;
			children = (
				A990569321566C1900CED4EB /* Base */,
			);
			name = Main.storyboard;
			sourceTree = "<group>";
		};
		A990569721566C1B00CED4EB /* LaunchScreen.storyboard */ = {
			isa = PBXVariantGroup;
			children = (
				A990569821566C1B00CED4EB /* Base */,
			);
			name = LaunchScreen.storyboard;
			sourceTree = "<group>";
		};
		A99056B02157E08500CED4EB /* MainInterface.storyboard */ = {
			isa = PBXVariantGroup;
			children = (
				A99056B12157E08500CED4EB /* Base */,
			);
			name = MainInterface.storyboard;
			sourceTree = "<group>";
		};
/* End PBXVariantGroup section */

/* Begin XCBuildConfiguration section */
		A990569B21566C1B00CED4EB /* Debug */ = {
			isa = XCBuildConfiguration;
			buildSettings = {
				ALWAYS_SEARCH_USER_PATHS = NO;
				CLANG_ANALYZER_LOCALIZABILITY_NONLOCALIZED = YES;
				CLANG_ANALYZER_NONNULL = YES;
				CLANG_ANALYZER_NUMBER_OBJECT_CONVERSION = YES_AGGRESSIVE;
				CLANG_CXX_LANGUAGE_STANDARD = "gnu++14";
				CLANG_CXX_LIBRARY = "libc++";
				CLANG_ENABLE_MODULES = YES;
				CLANG_ENABLE_OBJC_ARC = YES;
				CLANG_ENABLE_OBJC_WEAK = YES;
				CLANG_WARN_BLOCK_CAPTURE_AUTORELEASING = YES;
				CLANG_WARN_BOOL_CONVERSION = YES;
				CLANG_WARN_COMMA = YES;
				CLANG_WARN_CONSTANT_CONVERSION = YES;
				CLANG_WARN_DEPRECATED_OBJC_IMPLEMENTATIONS = YES;
				CLANG_WARN_DIRECT_OBJC_ISA_USAGE = YES_ERROR;
				CLANG_WARN_DOCUMENTATION_COMMENTS = YES;
				CLANG_WARN_EMPTY_BODY = YES;
				CLANG_WARN_ENUM_CONVERSION = YES;
				CLANG_WARN_INFINITE_RECURSION = YES;
				CLANG_WARN_INT_CONVERSION = YES;
				CLANG_WARN_NON_LITERAL_NULL_CONVERSION = YES;
				CLANG_WARN_OBJC_IMPLICIT_RETAIN_SELF = YES;
				CLANG_WARN_OBJC_LITERAL_CONVERSION = YES;
				CLANG_WARN_OBJC_ROOT_CLASS = YES_ERROR;
				CLANG_WARN_RANGE_LOOP_ANALYSIS = YES;
				CLANG_WARN_STRICT_PROTOTYPES = YES;
				CLANG_WARN_SUSPICIOUS_MOVE = YES;
				CLANG_WARN_UNGUARDED_AVAILABILITY = YES_AGGRESSIVE;
				CLANG_WARN_UNREACHABLE_CODE = YES;
				CLANG_WARN__DUPLICATE_METHOD_MATCH = YES;
				CODE_SIGN_IDENTITY = "iPhone Developer";
				COPY_PHASE_STRIP = NO;
				DEBUG_INFORMATION_FORMAT = dwarf;
				ENABLE_STRICT_OBJC_MSGSEND = YES;
				ENABLE_TESTABILITY = YES;
				GCC_C_LANGUAGE_STANDARD = gnu11;
				GCC_DYNAMIC_NO_PIC = NO;
				GCC_NO_COMMON_BLOCKS = YES;
				GCC_OPTIMIZATION_LEVEL = 0;
				GCC_PREPROCESSOR_DEFINITIONS = (
					"DEBUG=1",
					"$(inherited)",
				);
				GCC_WARN_64_TO_32_BIT_CONVERSION = YES;
				GCC_WARN_ABOUT_RETURN_TYPE = YES_ERROR;
				GCC_WARN_UNDECLARED_SELECTOR = YES;
				GCC_WARN_UNINITIALIZED_AUTOS = YES_AGGRESSIVE;
				GCC_WARN_UNUSED_FUNCTION = YES;
				GCC_WARN_UNUSED_VARIABLE = YES;
				IPHONEOS_DEPLOYMENT_TARGET = 12.0;
				MTL_ENABLE_DEBUG_INFO = INCLUDE_SOURCE;
				MTL_FAST_MATH = YES;
				ONLY_ACTIVE_ARCH = YES;
				SDKROOT = iphoneos;
				SWIFT_ACTIVE_COMPILATION_CONDITIONS = DEBUG;
				SWIFT_OPTIMIZATION_LEVEL = "-Onone";
			};
			name = Debug;
		};
		A990569C21566C1B00CED4EB /* Release */ = {
			isa = XCBuildConfiguration;
			buildSettings = {
				ALWAYS_SEARCH_USER_PATHS = NO;
				CLANG_ANALYZER_LOCALIZABILITY_NONLOCALIZED = YES;
				CLANG_ANALYZER_NONNULL = YES;
				CLANG_ANALYZER_NUMBER_OBJECT_CONVERSION = YES_AGGRESSIVE;
				CLANG_CXX_LANGUAGE_STANDARD = "gnu++14";
				CLANG_CXX_LIBRARY = "libc++";
				CLANG_ENABLE_MODULES = YES;
				CLANG_ENABLE_OBJC_ARC = YES;
				CLANG_ENABLE_OBJC_WEAK = YES;
				CLANG_WARN_BLOCK_CAPTURE_AUTORELEASING = YES;
				CLANG_WARN_BOOL_CONVERSION = YES;
				CLANG_WARN_COMMA = YES;
				CLANG_WARN_CONSTANT_CONVERSION = YES;
				CLANG_WARN_DEPRECATED_OBJC_IMPLEMENTATIONS = YES;
				CLANG_WARN_DIRECT_OBJC_ISA_USAGE = YES_ERROR;
				CLANG_WARN_DOCUMENTATION_COMMENTS = YES;
				CLANG_WARN_EMPTY_BODY = YES;
				CLANG_WARN_ENUM_CONVERSION = YES;
				CLANG_WARN_INFINITE_RECURSION = YES;
				CLANG_WARN_INT_CONVERSION = YES;
				CLANG_WARN_NON_LITERAL_NULL_CONVERSION = YES;
				CLANG_WARN_OBJC_IMPLICIT_RETAIN_SELF = YES;
				CLANG_WARN_OBJC_LITERAL_CONVERSION = YES;
				CLANG_WARN_OBJC_ROOT_CLASS = YES_ERROR;
				CLANG_WARN_RANGE_LOOP_ANALYSIS = YES;
				CLANG_WARN_STRICT_PROTOTYPES = YES;
				CLANG_WARN_SUSPICIOUS_MOVE = YES;
				CLANG_WARN_UNGUARDED_AVAILABILITY = YES_AGGRESSIVE;
				CLANG_WARN_UNREACHABLE_CODE = YES;
				CLANG_WARN__DUPLICATE_METHOD_MATCH = YES;
				CODE_SIGN_IDENTITY = "iPhone Developer";
				COPY_PHASE_STRIP = NO;
				DEBUG_INFORMATION_FORMAT = "dwarf-with-dsym";
				ENABLE_NS_ASSERTIONS = NO;
				ENABLE_STRICT_OBJC_MSGSEND = YES;
				GCC_C_LANGUAGE_STANDARD = gnu11;
				GCC_NO_COMMON_BLOCKS = YES;
				GCC_WARN_64_TO_32_BIT_CONVERSION = YES;
				GCC_WARN_ABOUT_RETURN_TYPE = YES_ERROR;
				GCC_WARN_UNDECLARED_SELECTOR = YES;
				GCC_WARN_UNINITIALIZED_AUTOS = YES_AGGRESSIVE;
				GCC_WARN_UNUSED_FUNCTION = YES;
				GCC_WARN_UNUSED_VARIABLE = YES;
				IPHONEOS_DEPLOYMENT_TARGET = 12.0;
				MTL_ENABLE_DEBUG_INFO = NO;
				MTL_FAST_MATH = YES;
				SDKROOT = iphoneos;
				SWIFT_COMPILATION_MODE = wholemodule;
				SWIFT_OPTIMIZATION_LEVEL = "-O";
				VALIDATE_PRODUCT = YES;
			};
			name = Release;
		};
		A990569E21566C1B00CED4EB /* Debug */ = {
			isa = XCBuildConfiguration;
			buildSettings = {
				ALWAYS_EMBED_SWIFT_STANDARD_LIBRARIES = YES;
				ASSETCATALOG_COMPILER_APPICON_NAME = AppIcon;
				CODE_SIGN_ENTITLEMENTS = "Founders D&G/Founders D&G.entitlements";
				CODE_SIGN_IDENTITY = "iPhone Developer";
				CODE_SIGN_STYLE = Automatic;
				DEVELOPMENT_TEAM = 2A9STRYMA8;
				INFOPLIST_FILE = "Founders D&G/Info.plist";
				LD_RUNPATH_SEARCH_PATHS = (
					"$(inherited)",
					"@executable_path/Frameworks",
				);
				PRODUCT_BUNDLE_IDENTIFIER = "Personal.Founders-D-G";
				PRODUCT_NAME = "$(TARGET_NAME)";
				PROVISIONING_PROFILE_SPECIFIER = "";
				SWIFT_VERSION = 4.2;
				TARGETED_DEVICE_FAMILY = 1;
			};
			name = Debug;
		};
		A990569F21566C1B00CED4EB /* Release */ = {
			isa = XCBuildConfiguration;
			buildSettings = {
				ALWAYS_EMBED_SWIFT_STANDARD_LIBRARIES = YES;
				ASSETCATALOG_COMPILER_APPICON_NAME = AppIcon;
				CODE_SIGN_ENTITLEMENTS = "Founders D&G/Founders D&G.entitlements";
				CODE_SIGN_IDENTITY = "iPhone Developer";
				CODE_SIGN_STYLE = Automatic;
				DEVELOPMENT_TEAM = 2A9STRYMA8;
				INFOPLIST_FILE = "Founders D&G/Info.plist";
				LD_RUNPATH_SEARCH_PATHS = (
					"$(inherited)",
					"@executable_path/Frameworks",
				);
				PRODUCT_BUNDLE_IDENTIFIER = "Personal.Founders-D-G";
				PRODUCT_NAME = "$(TARGET_NAME)";
				PROVISIONING_PROFILE_SPECIFIER = "";
				SWIFT_VERSION = 4.2;
				TARGETED_DEVICE_FAMILY = 1;
			};
			name = Release;
		};
		A99056B82157E08500CED4EB /* Debug */ = {
			isa = XCBuildConfiguration;
			buildSettings = {
				ALWAYS_EMBED_SWIFT_STANDARD_LIBRARIES = NO;
				CODE_SIGN_ENTITLEMENTS = widget/widget.entitlements;
				CODE_SIGN_IDENTITY = "iPhone Developer";
				CODE_SIGN_STYLE = Automatic;
				DEVELOPMENT_TEAM = 2A9STRYMA8;
				INFOPLIST_FILE = widget/Info.plist;
				LD_RUNPATH_SEARCH_PATHS = (
					"$(inherited)",
					"@executable_path/Frameworks",
					"@executable_path/../../Frameworks",
				);
				PRODUCT_BUNDLE_IDENTIFIER = "Personal.Founders-D-G.widget";
				PRODUCT_NAME = "$(TARGET_NAME)";
				SKIP_INSTALL = YES;
				SWIFT_VERSION = 4.2;
				TARGETED_DEVICE_FAMILY = 1;
			};
			name = Debug;
		};
		A99056B92157E08500CED4EB /* Release */ = {
			isa = XCBuildConfiguration;
			buildSettings = {
				ALWAYS_EMBED_SWIFT_STANDARD_LIBRARIES = NO;
				CODE_SIGN_ENTITLEMENTS = widget/widget.entitlements;
				CODE_SIGN_IDENTITY = "iPhone Developer";
				CODE_SIGN_STYLE = Automatic;
				DEVELOPMENT_TEAM = 2A9STRYMA8;
				INFOPLIST_FILE = widget/Info.plist;
				LD_RUNPATH_SEARCH_PATHS = (
					"$(inherited)",
					"@executable_path/Frameworks",
					"@executable_path/../../Frameworks",
				);
				PRODUCT_BUNDLE_IDENTIFIER = "Personal.Founders-D-G.widget";
				PRODUCT_NAME = "$(TARGET_NAME)";
				SKIP_INSTALL = YES;
				SWIFT_VERSION = 4.2;
				TARGETED_DEVICE_FAMILY = 1;
			};
			name = Release;
		};
/* End XCBuildConfiguration section */

/* Begin XCConfigurationList section */
		A990568621566C1900CED4EB /* Build configuration list for PBXProject "Founders D&G" */ = {
			isa = XCConfigurationList;
			buildConfigurations = (
				A990569B21566C1B00CED4EB /* Debug */,
				A990569C21566C1B00CED4EB /* Release */,
			);
			defaultConfigurationIsVisible = 0;
			defaultConfigurationName = Release;
		};
		A990569D21566C1B00CED4EB /* Build configuration list for PBXNativeTarget "Founders D&G" */ = {
			isa = XCConfigurationList;
			buildConfigurations = (
				A990569E21566C1B00CED4EB /* Debug */,
				A990569F21566C1B00CED4EB /* Release */,
			);
			defaultConfigurationIsVisible = 0;
			defaultConfigurationName = Release;
		};
		A99056B72157E08500CED4EB /* Build configuration list for PBXNativeTarget "widget" */ = {
			isa = XCConfigurationList;
			buildConfigurations = (
				A99056B82157E08500CED4EB /* Debug */,
				A99056B92157E08500CED4EB /* Release */,
			);
			defaultConfigurationIsVisible = 0;
			defaultConfigurationName = Release;
		};
/* End XCConfigurationList section */
	};
	rootObject = A990568321566C1900CED4EB /* Project object */;
}
